<?xml version="1.0" encoding="utf-8"?>
<Project ToolsVersion="4.0" xmlns="http://schemas.microsoft.com/developer/msbuild/2003">
  <ItemGroup>
    <Filter Include="Source Files">
      <UniqueIdentifier>{7d644a2e-a42d-4777-92af-abd47089da0c}</UniqueIdentifier>
      <Extensions>cpp;c;cxx;rc;def;r;odl;idl;hpj;bat</Extensions>
    </Filter>
    <Filter Include="Header Files">
      <UniqueIdentifier>{ab879c24-545d-40bd-a330-c22d9924ad55}</UniqueIdentifier>
      <Extensions>h;hpp;hxx;hm;inl</Extensions>
    </Filter>
    <Filter Include="Resource Files">
      <UniqueIdentifier>{dee19f31-97d2-4042-b76a-4eecb5791d78}</UniqueIdentifier>
      <Extensions>ico;cur;bmp;dlg;rc2;rct;bin;rgs;gif;jpg;jpeg;jpe</Extensions>
    </Filter>
  </ItemGroup>
  <ItemGroup>
    <ClCompile Include="axsimpledatagrid.cpp">
      <Filter>Source Files</Filter>
    </ClCompile>
    <ClCompile Include="BasicThread3.cpp">
      <Filter>Source Files</Filter>
    </ClCompile>
    <ClCompile Include="BasicThread3StartParams.cpp">
      <Filter>Source Files</Filter>
    </ClCompile>
    <ClCompile Include="BrushHolder.cpp">
      <Filter>Source Files</Filter>
    </ClCompile>
    <ClCompile Include="BuildListing.cpp">
      <Filter>Source Files</Filter>
    </ClCompile>
    <ClCompile Include="BuildReporter.cpp">
      <Filter>Source Files</Filter>
    </ClCompile>
    <ClCompile Include="ButtonIcon.cpp">
      <Filter>Source Files</Filter>
    </ClCompile>
    <ClCompile Include="ComboListItem.cpp">
      <Filter>Source Files</Filter>
    </ClCompile>
    <ClCompile Include="CompareHelp.cpp">
      <Filter>Source Files</Filter>
    </ClCompile>
    <ClCompile Include="ControlPopulator.cpp">
      <Filter>Source Files</Filter>
    </ClCompile>
    <ClCompile Include="CopyHelper.cpp">
      <Filter>Source Files</Filter>
    </ClCompile>
    <ClCompile Include="CsvHelper.cpp">
      <Filter>Source Files</Filter>
    </ClCompile>
    <ClCompile Include="DataSourceInfoHolder.cpp">
      <Filter>Source Files</Filter>
    </ClCompile>
    <ClCompile Include="DebugTimer.cpp">
      <Filter>Source Files</Filter>
    </ClCompile>
    <ClCompile Include="DirBrowser.cpp">
      <Filter>Source Files</Filter>
    </ClCompile>
    <ClCompile Include="DirInitHandler.cpp">
      <Filter>Source Files</Filter>
    </ClCompile>
    <ClCompile Include="DlgAddFiles.cpp">
      <Filter>Source Files</Filter>
    </ClCompile>
    <ClCompile Include="DlgInputBox.cpp">
      <Filter>Source Files</Filter>
    </ClCompile>
    <ClCompile Include="DlgOpenAProject.cpp">
      <Filter>Source Files</Filter>
    </ClCompile>
    <ClCompile Include="DlgQuickHelp.cpp">
      <Filter>Source Files</Filter>
    </ClCompile>
    <ClCompile Include="DlgSplash.cpp">
      <Filter>Source Files</Filter>
    </ClCompile>
    <ClCompile Include="EditListItem.cpp">
      <Filter>Source Files</Filter>
    </ClCompile>
    <ClCompile Include="FileCopyReport.cpp">
      <Filter>Source Files</Filter>
    </ClCompile>
    <ClCompile Include="FileCopyThread.cpp">
      <Filter>Source Files</Filter>
    </ClCompile>
    <ClCompile Include="FileCopyThreadParams.cpp">
      <Filter>Source Files</Filter>
    </ClCompile>
    <ClCompile Include="FileInfoStrings.cpp">
      <Filter>Source Files</Filter>
    </ClCompile>
    <ClCompile Include="FileListItemData.cpp">
      <Filter>Source Files</Filter>
    </ClCompile>
    <ClCompile Include="FileListSortParams.cpp">
      <Filter>Source Files</Filter>
    </ClCompile>
    <ClCompile Include="FileMetaData.cpp">
      <Filter>Source Files</Filter>
    </ClCompile>
    <ClCompile Include="FixedFileInfo.cpp">
      <Filter>Source Files</Filter>
    </ClCompile>
    <ClCompile Include="FontHandler.cpp">
      <Filter>Source Files</Filter>
    </ClCompile>
    <ClCompile Include="ListCacheItem.cpp">
      <Filter>Source Files</Filter>
    </ClCompile>
    <ClCompile Include="ListCacheItemHolder.cpp">
      <Filter>Source Files</Filter>
    </ClCompile>
    <ClCompile Include="ListColumnData.cpp">
      <Filter>Source Files</Filter>
    </ClCompile>
    <ClCompile Include="ListColumnsHelper.cpp">
      <Filter>Source Files</Filter>
    </ClCompile>
    <ClCompile Include="ListGeneralFiles.cpp">
      <Filter>Source Files</Filter>
    </ClCompile>
    <ClCompile Include="ListSorter.cpp">
      <Filter>Source Files</Filter>
    </ClCompile>
    <ClCompile Include="ListSortParams.cpp">
      <Filter>Source Files</Filter>
    </ClCompile>
    <ClCompile Include="ListTickSetter.cpp">
      <Filter>Source Files</Filter>
    </ClCompile>
    <ClCompile Include="LocalProps.cpp">
      <Filter>Source Files</Filter>
    </ClCompile>
    <ClCompile Include="LogEntryData.cpp">
      <Filter>Source Files</Filter>
    </ClCompile>
    <ClCompile Include="Pipes\NamedPipeClient.cpp">
      <Filter>Source Files</Filter>
    </ClCompile>
    <ClCompile Include="OleDbErrorHandler.cpp">
      <Filter>Source Files</Filter>
    </ClCompile>
    <ClCompile Include="PageBatFiles.cpp">
      <Filter>Source Files</Filter>
    </ClCompile>
    <ClCompile Include="PageData.cpp">
      <Filter>Source Files</Filter>
    </ClCompile>
    <ClCompile Include="PageDataProps.cpp">
      <Filter>Source Files</Filter>
    </ClCompile>
    <ClCompile Include="PageInstallShield.cpp">
      <Filter>Source Files</Filter>
    </ClCompile>
    <ClCompile Include="PageLogging.cpp">
      <Filter>Source Files</Filter>
    </ClCompile>
    <ClCompile Include="PageLoggingOwnerData.cpp">
      <Filter>Source Files</Filter>
    </ClCompile>
    <ClCompile Include="PageOptions.cpp">
      <Filter>Source Files</Filter>
    </ClCompile>
    <ClCompile Include="PagePfaData.cpp">
      <Filter>Source Files</Filter>
    </ClCompile>
    <ClCompile Include="PageStepDetails.cpp">
      <Filter>Source Files</Filter>
    </ClCompile>
    <ClCompile Include="PageStepType.cpp">
      <Filter>Source Files</Filter>
    </ClCompile>
    <ClCompile Include="ParamsCopyProgress.cpp">
      <Filter>Source Files</Filter>
    </ClCompile>
    <ClCompile Include="ParamsShowFilePCPosition.cpp">
      <Filter>Source Files</Filter>
    </ClCompile>
    <ClCompile Include="PfaArchiveHandler.cpp">
      <Filter>Source Files</Filter>
    </ClCompile>
    <ClCompile Include="PfaDataListItem.cpp">
      <Filter>Source Files</Filter>
    </ClCompile>
    <ClCompile Include="PfaMainSheet.cpp">
      <Filter>Source Files</Filter>
    </ClCompile>
    <ClCompile Include="PfaStep.cpp">
      <Filter>Source Files</Filter>
    </ClCompile>
    <ClCompile Include="PfaStepHolder.cpp">
      <Filter>Source Files</Filter>
    </ClCompile>
    <ClCompile Include="PictureHelper.cpp">
      <Filter>Source Files</Filter>
    </ClCompile>
    <ClCompile Include="Pipes\PipeServerInstanceThreadParams.cpp">
      <Filter>Source Files</Filter>
    </ClCompile>
    <ClCompile Include="Pipes\PipeServerThread.cpp">
      <Filter>Source Files</Filter>
    </ClCompile>
    <ClCompile Include="Pipes\PipeServerThreadParams.cpp">
      <Filter>Source Files</Filter>
    </ClCompile>
    <ClCompile Include="Project File Assembler.cpp">
      <Filter>Source Files</Filter>
    </ClCompile>
    <ClCompile Include="Project File AssemblerDlg.cpp">
      <Filter>Source Files</Filter>
    </ClCompile>
    <ClCompile Include="PropSheetCommon.cpp">
      <Filter>Source Files</Filter>
    </ClCompile>
    <ClCompile Include="ReportHelper.cpp">
      <Filter>Source Files</Filter>
    </ClCompile>
    <ClCompile Include="SheetStepProperties.cpp">
      <Filter>Source Files</Filter>
    </ClCompile>
    <ClCompile Include="SplashThreadUI.cpp">
      <Filter>Source Files</Filter>
    </ClCompile>
    <ClCompile Include="StdAfx.cpp">
      <Filter>Source Files</Filter>
    </ClCompile>
    <ClCompile Include="SystemTime2.cpp">
      <Filter>Source Files</Filter>
    </ClCompile>
    <ClCompile Include="XLateFieldText.cpp">
      <Filter>Source Files</Filter>
    </ClCompile>
  </ItemGroup>
  <ItemGroup>
    <ResourceCompile Include="Project File Assembler.rc">
      <Filter>Source Files</Filter>
    </ResourceCompile>
  </ItemGroup>
  <ItemGroup>
    <Midl Include="ProjectFileAssembler.idl">
      <Filter>Source Files</Filter>
    </Midl>
  </ItemGroup>
  <ItemGroup>
    <ClInclude Include="axsimpledatagrid.h">
      <Filter>Header Files</Filter>
    </ClInclude>
    <ClInclude Include="BasicThread3.h">
      <Filter>Header Files</Filter>
    </ClInclude>
    <ClInclude Include="BasicThread3StartParams.h">
      <Filter>Header Files</Filter>
    </ClInclude>
    <ClInclude Include="BrushHolder.h">
      <Filter>Header Files</Filter>
    </ClInclude>
    <ClInclude Include="BuildListing.h">
      <Filter>Header Files</Filter>
    </ClInclude>
    <ClInclude Include="BuildReporter.h">
      <Filter>Header Files</Filter>
    </ClInclude>
    <ClInclude Include="ButtonIcon.h">
      <Filter>Header Files</Filter>
    </ClInclude>
    <ClInclude Include="ComboListItem.h">
      <Filter>Header Files</Filter>
    </ClInclude>
    <ClInclude Include="CompareHelp.h">
      <Filter>Header Files</Filter>
    </ClInclude>
    <ClInclude Include="ConsBatFiles.h">
      <Filter>Header Files</Filter>
    </ClInclude>
    <ClInclude Include="ConstAppearance.h">
      <Filter>Header Files</Filter>
    </ClInclude>
    <ClInclude Include="ConstColours.h">
      <Filter>Header Files</Filter>
    </ClInclude>
    <ClInclude Include="ConstCompareResult.h">
      <Filter>Header Files</Filter>
    </ClInclude>
    <ClInclude Include="ConstCsvSetup.h">
      <Filter>Header Files</Filter>
    </ClInclude>
    <ClInclude Include="ConstDatasourceProps.h">
      <Filter>Header Files</Filter>
    </ClInclude>
    <ClInclude Include="ConstDynamicCtrlIDs.h">
      <Filter>Header Files</Filter>
    </ClInclude>
    <ClInclude Include="ConstEventTypes.h">
      <Filter>Header Files</Filter>
    </ClInclude>
    <ClInclude Include="ConstGlobals.h">
      <Filter>Header Files</Filter>
    </ClInclude>
    <ClInclude Include="ConstInstallShield.h">
      <Filter>Header Files</Filter>
    </ClInclude>
    <ClInclude Include="ConstLists.h">
      <Filter>Header Files</Filter>
    </ClInclude>
    <ClInclude Include="ConstMenus.h">
      <Filter>Header Files</Filter>
    </ClInclude>
    <ClInclude Include="ConstMsgs.h">
      <Filter>Header Files</Filter>
    </ClInclude>
    <ClInclude Include="ConstOptions.h">
      <Filter>Header Files</Filter>
    </ClInclude>
    <ClInclude Include="Pipes\ConstPipe.h">
      <Filter>Header Files</Filter>
    </ClInclude>
    <ClInclude Include="Pipes\ConstPipeMsgs.h">
      <Filter>Header Files</Filter>
    </ClInclude>
    <ClInclude Include="ConstReport.h">
      <Filter>Header Files</Filter>
    </ClInclude>
    <ClInclude Include="ConstSQL.h">
      <Filter>Header Files</Filter>
    </ClInclude>
    <ClInclude Include="ConstStepDetails.h">
      <Filter>Header Files</Filter>
    </ClInclude>
    <ClInclude Include="ConstStepStatus.h">
      <Filter>Header Files</Filter>
    </ClInclude>
    <ClInclude Include="ConstStepTypes.h">
      <Filter>Header Files</Filter>
    </ClInclude>
    <ClInclude Include="ConstTokens.h">
      <Filter>Header Files</Filter>
    </ClInclude>
    <ClInclude Include="ConstUDL.h">
      <Filter>Header Files</Filter>
    </ClInclude>
    <ClInclude Include="ControlPopulator.h">
      <Filter>Header Files</Filter>
    </ClInclude>
    <ClInclude Include="CopyHelper.h">
      <Filter>Header Files</Filter>
    </ClInclude>
    <ClInclude Include="csafe.h">
      <Filter>Header Files</Filter>
    </ClInclude>
    <ClInclude Include="CsvHelper.h">
      <Filter>Header Files</Filter>
    </ClInclude>
    <ClInclude Include="DataSourceInfoHolder.h">
      <Filter>Header Files</Filter>
    </ClInclude>
    <ClInclude Include="DebugTimer.h">
      <Filter>Header Files</Filter>
    </ClInclude>
    <ClInclude Include="DirBrowser.h">
      <Filter>Header Files</Filter>
    </ClInclude>
    <ClInclude Include="DirInitHandler.h">
      <Filter>Header Files</Filter>
    </ClInclude>
    <ClInclude Include="DlgAddFiles.h">
      <Filter>Header Files</Filter>
    </ClInclude>
    <ClInclude Include="DlgInputBox.h">
      <Filter>Header Files</Filter>
    </ClInclude>
    <ClInclude Include="DlgOpenAProject.h">
      <Filter>Header Files</Filter>
    </ClInclude>
    <ClInclude Include="DlgQuickHelp.h">
      <Filter>Header Files</Filter>
    </ClInclude>
    <ClInclude Include="DlgSplash.h">
      <Filter>Header Files</Filter>
    </ClInclude>
    <ClInclude Include="EditListItem.h">
      <Filter>Header Files</Filter>
    </ClInclude>
    <ClInclude Include="FileCopyReport.h">
      <Filter>Header Files</Filter>
    </ClInclude>
    <ClInclude Include="FileCopyThread.h">
      <Filter>Header Files</Filter>
    </ClInclude>
    <ClInclude Include="FileCopyThreadParams.h">
      <Filter>Header Files</Filter>
    </ClInclude>
    <ClInclude Include="FileInfoStrings.h">
      <Filter>Header Files</Filter>
    </ClInclude>
    <ClInclude Include="FileListItemData.h">
      <Filter>Header Files</Filter>
    </ClInclude>
    <ClInclude Include="FileListSortParams.h">
      <Filter>Header Files</Filter>
    </ClInclude>
    <ClInclude Include="FileMetaData.h">
      <Filter>Header Files</Filter>
    </ClInclude>
    <ClInclude Include="FixedFileInfo.h">
      <Filter>Header Files</Filter>
    </ClInclude>
    <ClInclude Include="FontHandler.h">
      <Filter>Header Files</Filter>
    </ClInclude>
    <ClInclude Include="ImportADO.h">
      <Filter>Header Files</Filter>
    </ClInclude>
    <ClInclude Include="ListCacheItem.h">
      <Filter>Header Files</Filter>
    </ClInclude>
    <ClInclude Include="ListCacheItemHolder.h">
      <Filter>Header Files</Filter>
    </ClInclude>
    <ClInclude Include="ListColumnData.h">
      <Filter>Header Files</Filter>
    </ClInclude>
    <ClInclude Include="ListColumnsHelper.h">
      <Filter>Header Files</Filter>
    </ClInclude>
    <ClInclude Include="ListGeneralFiles.h">
      <Filter>Header Files</Filter>
    </ClInclude>
    <ClInclude Include="ListSorter.h">
      <Filter>Header Files</Filter>
    </ClInclude>
    <ClInclude Include="ListSortParams.h">
      <Filter>Header Files</Filter>
    </ClInclude>
    <ClInclude Include="ListTickSetter.h">
      <Filter>Header Files</Filter>
    </ClInclude>
    <ClInclude Include="LocalProps.h">
      <Filter>Header Files</Filter>
    </ClInclude>
    <ClInclude Include="LogEntryData.h">
      <Filter>Header Files</Filter>
    </ClInclude>
    <ClInclude Include="Pipes\NamedPipeClient.h">
      <Filter>Header Files</Filter>
    </ClInclude>
    <ClInclude Include="OleDbErrorHandler.h">
      <Filter>Header Files</Filter>
    </ClInclude>
    <ClInclude Include="PageBatFiles.h">
      <Filter>Header Files</Filter>
    </ClInclude>
    <ClInclude Include="PageData.h">
      <Filter>Header Files</Filter>
    </ClInclude>
    <ClInclude Include="PageDataProps.h">
      <Filter>Header Files</Filter>
    </ClInclude>
    <ClInclude Include="PageInstallShield.h">
      <Filter>Header Files</Filter>
    </ClInclude>
    <ClInclude Include="PageLogging.h">
      <Filter>Header Files</Filter>
    </ClInclude>
    <ClInclude Include="PageLoggingOwnerData.h">
      <Filter>Header Files</Filter>
    </ClInclude>
    <ClInclude Include="PageOptions.h">
      <Filter>Header Files</Filter>
    </ClInclude>
    <ClInclude Include="PagePfaData.h">
      <Filter>Header Files</Filter>
    </ClInclude>
    <ClInclude Include="PageStepDetails.h">
      <Filter>Header Files</Filter>
    </ClInclude>
    <ClInclude Include="PageStepType.h">
      <Filter>Header Files</Filter>
    </ClInclude>
    <ClInclude Include="ParamsCopyProgress.h">
      <Filter>Header Files</Filter>
    </ClInclude>
    <ClInclude Include="ParamsShowFilePCPosition.h">
      <Filter>Header Files</Filter>
    </ClInclude>
    <ClInclude Include="PfaArchiveHandler.h">
      <Filter>Header Files</Filter>
    </ClInclude>
    <ClInclude Include="PfaDataListItem.h">
      <Filter>Header Files</Filter>
    </ClInclude>
    <ClInclude Include="PfaMainSheet.h">
      <Filter>Header Files</Filter>
    </ClInclude>
    <ClInclude Include="PfaStep.h">
      <Filter>Header Files</Filter>
    </ClInclude>
    <ClInclude Include="PfaStepHolder.h">
      <Filter>Header Files</Filter>
    </ClInclude>
    <ClInclude Include="PictureHelper.h">
      <Filter>Header Files</Filter>
    </ClInclude>
    <ClInclude Include="Pipes\PipeServerInstanceThreadParams.h">
      <Filter>Header Files</Filter>
    </ClInclude>
    <ClInclude Include="Pipes\PipeServerThread.h">
      <Filter>Header Files</Filter>
    </ClInclude>
    <ClInclude Include="Pipes\PipeServerThreadParams.h">
      <Filter>Header Files</Filter>
    </ClInclude>
    <ClInclude Include="Project File Assembler.h">
      <Filter>Header Files</Filter>
    </ClInclude>
    <ClInclude Include="Project File AssemblerDlg.h">
      <Filter>Header Files</Filter>
    </ClInclude>
    <ClInclude Include="PropSheetCommon.h">
      <Filter>Header Files</Filter>
    </ClInclude>
    <ClInclude Include="ReportHelper.h">
      <Filter>Header Files</Filter>
    </ClInclude>
    <ClInclude Include="Resource.h">
      <Filter>Header Files</Filter>
    </ClInclude>
    <ClInclude Include="SheetStepProperties.h">
      <Filter>Header Files</Filter>
    </ClInclude>
    <ClInclude Include="SplashThreadUI.h">
      <Filter>Header Files</Filter>
    </ClInclude>
    <ClInclude Include="StdAfx.h">
      <Filter>Header Files</Filter>
    </ClInclude>
    <ClInclude Include="SystemTime2.h">
      <Filter>Header Files</Filter>
    </ClInclude>
    <ClInclude Include="tblLogging.H">
      <Filter>Header Files</Filter>
    </ClInclude>
    <ClInclude Include="THR.h">
      <Filter>Header Files</Filter>
    </ClInclude>
    <ClInclude Include="XLateFieldText.h">
      <Filter>Header Files</Filter>
    </ClInclude>
  </ItemGroup>
  <ItemGroup>
    <Image Include="Graphics\aah logo - banner 2.bmp">
      <Filter>Resource Files</Filter>
    </Image>
    <Image Include="RES\bitmap1.bmp">
      <Filter>Resource Files</Filter>
    </Image>
    <Image Include="RES\bitmap2.bmp">
      <Filter>Resource Files</Filter>
    </Image>
    <Image Include="Graphics\bitmap3.bmp">
      <Filter>Resource Files</Filter>
    </Image>
    <Image Include="RES\icon_failure.ico">
      <Filter>Resource Files</Filter>
    </Image>
    <Image Include="RES\icon_success.ico">
      <Filter>Resource Files</Filter>
    </Image>
    <Image Include="RES\icon_warning.ico">
      <Filter>Resource Files</Filter>
    </Image>
    <Image Include="res\Project File Assembler.ico">
      <Filter>Resource Files</Filter>
    </Image>
  </ItemGroup>
  <ItemGroup>
    <Text Include="ReadMe.txt" />
  </ItemGroup>
  <ItemGroup>
    <CustomBuild Include="VersionNo.h">
      <Filter>Header Files</Filter>
    </CustomBuild>
    <CustomBuild Include="res\Project File Assembler.rc2">
      <Filter>Resource Files</Filter>
    </CustomBuild>
    <CustomBuild Include="Project File Assembler.rgs">
      <Filter>Resource Files</Filter>
    </CustomBuild>
    <CustomBuild Include="Debug\msado15.tlh" />
    <CustomBuild Include="Debug\msado15.tli" />
    <CustomBuild Include="Documentation\Project File Assembler II.doc" />
    <CustomBuild Include="Database\Project File Assembler.mdb" />
  </ItemGroup>
</Project>